// !$*UTF8*$!
{
	archiveVersion = 1;
	classes = {
	};
	objectVersion = 50;
	objects = {

/* Begin PBXBuildFile section */
		8168851D21B92E8F001564EA /* AppDelegate.swift in Sources */ = {isa = PBXBuildFile; fileRef = 8168851C21B92E8F001564EA /* AppDelegate.swift */; };
		8168851F21B92E8F001564EA /* ViewController.swift in Sources */ = {isa = PBXBuildFile; fileRef = 8168851E21B92E8F001564EA /* ViewController.swift */; };
		8168852221B92E8F001564EA /* Main.storyboard in Resources */ = {isa = PBXBuildFile; fileRef = 8168852021B92E8F001564EA /* Main.storyboard */; };
		8168852421B92E91001564EA /* Assets.xcassets in Resources */ = {isa = PBXBuildFile; fileRef = 8168852321B92E91001564EA /* Assets.xcassets */; };
		8168852721B92E91001564EA /* LaunchScreen.storyboard in Resources */ = {isa = PBXBuildFile; fileRef = 8168852521B92E91001564EA /* LaunchScreen.storyboard */; };
		8168853021B93073001564EA /* ScrollMenuViewController.swift in Sources */ = {isa = PBXBuildFile; fileRef = 8168852F21B93073001564EA /* ScrollMenuViewController.swift */; };
		8168853221B9308D001564EA /* MenusView.swift in Sources */ = {isa = PBXBuildFile; fileRef = 8168853121B9308D001564EA /* MenusView.swift */; };
		8168853421B930F7001564EA /* SliderViewModel.swift in Sources */ = {isa = PBXBuildFile; fileRef = 8168853321B930F7001564EA /* SliderViewModel.swift */; };
		81E7F61421BA1F63008C5E76 /* CustomViewController.swift in Sources */ = {isa = PBXBuildFile; fileRef = 81E7F61321BA1F63008C5E76 /* CustomViewController.swift */; };
		81E7F61821BA23E9008C5E76 /* ScrollViewController.swift in Sources */ = {isa = PBXBuildFile; fileRef = 81E7F61721BA23E9008C5E76 /* ScrollViewController.swift */; };
/* End PBXBuildFile section */

/* Begin PBXFileReference section */
		8168851921B92E8F001564EA /* ScrollMenusViewControllerDemo.app */ = {isa = PBXFileReference; explicitFileType = wrapper.application; includeInIndex = 0; path = ScrollMenusViewControllerDemo.app; sourceTree = BUILT_PRODUCTS_DIR; };
		8168851C21B92E8F001564EA /* AppDelegate.swift */ = {isa = PBXFileReference; lastKnownFileType = sourcecode.swift; path = AppDelegate.swift; sourceTree = "<group>"; };
		8168851E21B92E8F001564EA /* ViewController.swift */ = {isa = PBXFileReference; lastKnownFileType = sourcecode.swift; path = ViewController.swift; sourceTree = "<group>"; };
		8168852121B92E8F001564EA /* Base */ = {isa = PBXFileReference; lastKnownFileType = file.storyboard; name = Base; path = Base.lproj/Main.storyboard; sourceTree = "<group>"; };
		8168852321B92E91001564EA /* Assets.xcassets */ = {isa = PBXFileReference; lastKnownFileType = folder.assetcatalog; path = Assets.xcassets; sourceTree = "<group>"; };
		8168852621B92E91001564EA /* Base */ = {isa = PBXFileReference; lastKnownFileType = file.storyboard; name = Base; path = Base.lproj/LaunchScreen.storyboard; sourceTree = "<group>"; };
		8168852821B92E91001564EA /* Info.plist */ = {isa = PBXFileReference; lastKnownFileType = text.plist.xml; path = Info.plist; sourceTree = "<group>"; };
		8168852F21B93073001564EA /* ScrollMenuViewController.swift */ = {isa = PBXFileReference; lastKnownFileType = sourcecode.swift; path = ScrollMenuViewController.swift; sourceTree = "<group>"; };
		8168853121B9308D001564EA /* MenusView.swift */ = {isa = PBXFileReference; lastKnownFileType = sourcecode.swift; path = MenusView.swift; sourceTree = "<group>"; };
		8168853321B930F7001564EA /* SliderViewModel.swift */ = {isa = PBXFileReference; lastKnownFileType = sourcecode.swift; path = SliderViewModel.swift; sourceTree = "<group>"; };
		81E7F61321BA1F63008C5E76 /* CustomViewController.swift */ = {isa = PBXFileReference; lastKnownFileType = sourcecode.swift; path = CustomViewController.swift; sourceTree = "<group>"; };
		81E7F61721BA23E9008C5E76 /* ScrollViewController.swift */ = {isa = PBXFileReference; lastKnownFileType = sourcecode.swift; path = ScrollViewController.swift; sourceTree = "<group>"; };
/* End PBXFileReference section */

/* Begin PBXFrameworksBuildPhase section */
		8168851621B92E8F001564EA /* Frameworks */ = {
			isa = PBXFrameworksBuildPhase;
			buildActionMask = 2147483647;
			files = (
			);
			runOnlyForDeploymentPostprocessing = 0;
		};
/* End PBXFrameworksBuildPhase section */

/* Begin PBXGroup section */
		8168851021B92E8F001564EA = {
			isa = PBXGroup;
			children = (
				8168851B21B92E8F001564EA /* ScrollMenusViewControllerDemo */,
				8168851A21B92E8F001564EA /* Products */,
			);
			sourceTree = "<group>";
		};
		8168851A21B92E8F001564EA /* Products */ = {
			isa = PBXGroup;
			children = (
				8168851921B92E8F001564EA /* ScrollMenusViewControllerDemo.app */,
			);
			name = Products;
			sourceTree = "<group>";
		};
		8168851B21B92E8F001564EA /* ScrollMenusViewControllerDemo */ = {
			isa = PBXGroup;
			children = (
				8168852E21B92EDB001564EA /* ScrollMenusVC */,
				8168851C21B92E8F001564EA /* AppDelegate.swift */,
				8168851E21B92E8F001564EA /* ViewController.swift */,
				81E7F61321BA1F63008C5E76 /* CustomViewController.swift */,
				81E7F61721BA23E9008C5E76 /* ScrollViewController.swift */,
				8168852021B92E8F001564EA /* Main.storyboard */,
				8168852321B92E91001564EA /* Assets.xcassets */,
				8168852521B92E91001564EA /* LaunchScreen.storyboard */,
				8168852821B92E91001564EA /* Info.plist */,
			);
			path = ScrollMenusViewControllerDemo;
			sourceTree = "<group>";
		};
		8168852E21B92EDB001564EA /* ScrollMenusVC */ = {
			isa = PBXGroup;
			children = (
				8168852F21B93073001564EA /* ScrollMenuViewController.swift */,
				8168853121B9308D001564EA /* MenusView.swift */,
				8168853321B930F7001564EA /* SliderViewModel.swift */,
			);
			path = ScrollMenusVC;
			sourceTree = "<group>";
		};
/* End PBXGroup section */

/* Begin PBXNativeTarget section */
		8168851821B92E8F001564EA /* ScrollMenusViewControllerDemo */ = {
			isa = PBXNativeTarget;
			buildConfigurationList = 8168852B21B92E91001564EA /* Build configuration list for PBXNativeTarget "ScrollMenusViewControllerDemo" */;
			buildPhases = (
				8168851521B92E8F001564EA /* Sources */,
				8168851621B92E8F001564EA /* Frameworks */,
				8168851721B92E8F001564EA /* Resources */,
			);
			buildRules = (
			);
			dependencies = (
			);
			name = ScrollMenusViewControllerDemo;
			productName = ScrollMenusViewControllerDemo;
			productReference = 8168851921B92E8F001564EA /* ScrollMenusViewControllerDemo.app */;
			productType = "com.apple.product-type.application";
		};
/* End PBXNativeTarget section */

/* Begin PBXProject section */
		8168851121B92E8F001564EA /* Project object */ = {
			isa = PBXProject;
			attributes = {
				LastSwiftUpdateCheck = 1010;
				LastUpgradeCheck = 1010;
				ORGANIZATIONNAME = weiman;
				TargetAttributes = {
					8168851821B92E8F001564EA = {
						CreatedOnToolsVersion = 10.1;
					};
				};
			};
			buildConfigurationList = 8168851421B92E8F001564EA /* Build configuration list for PBXProject "ScrollMenusViewControllerDemo" */;
			compatibilityVersion = "Xcode 9.3";
			developmentRegion = en;
			hasScannedForEncodings = 0;
			knownRegions = (
				en,
				Base,
			);
			mainGroup = 8168851021B92E8F001564EA;
			productRefGroup = 8168851A21B92E8F001564EA /* Products */;
			projectDirPath = "";
			projectRoot = "";
			targets = (
				8168851821B92E8F001564EA /* ScrollMenusViewControllerDemo */,
			);
		};
/* End PBXProject section */

/* Begin PBXResourcesBuildPhase section */
		8168851721B92E8F001564EA /* Resources */ = {
			isa = PBXResourcesBuildPhase;
			buildActionMask = 2147483647;
			files = (
				8168852721B92E91001564EA /* LaunchScreen.storyboard in Resources */,
				8168852421B92E91001564EA /* Assets.xcassets in Resources */,
				8168852221B92E8F001564EA /* Main.storyboard in Resources */,
			);
			runOnlyForDeploymentPostprocessing = 0;
		};
/* End PBXResourcesBuildPhase section */

/* Begin PBXSourcesBuildPhase section */
		8168851521B92E8F001564EA /* Sources */ = {
			isa = PBXSourcesBuildPhase;
			buildActionMask = 2147483647;
			files = (
				8168851F21B92E8F001564EA /* ViewController.swift in Sources */,
				8168853221B9308D001564EA /* MenusView.swift in Sources */,
				8168853421B930F7001564EA /* SliderViewModel.swift in Sources */,
				81E7F61821BA23E9008C5E76 /* ScrollViewController.swift in Sources */,
				81E7F61421BA1F63008C5E76 /* CustomViewController.swift in Sources */,
				8168853021B93073001564EA /* ScrollMenuViewController.swift in Sources */,
				8168851D21B92E8F001564EA /* AppDelegate.swift in Sources */,
			);
			runOnlyForDeploymentPostprocessing = 0;
		};
/* End PBXSourcesBuildPhase section */

/* Begin PBXVariantGroup section */
		8168852021B92E8F001564EA /* Main.storyboard */ = {
			isa = PBXVariantGroup;
			children = (
				8168852121B92E8F001564EA /* Base */,
			);
			name = Main.storyboard;
			sourceTree = "<group>";
		};
		8168852521B92E91001564EA /* LaunchScreen.storyboard */ = {
			isa = PBXVariantGroup;
			children = (
				8168852621B92E91001564EA /* Base */,
			);
			name = LaunchScreen.storyboard;
			sourceTree = "<group>";
		};
/* End PBXVariantGroup section */

/* Begin XCBuildConfiguration section */
		8168852921B92E91001564EA /* Debug */ = {
			isa = XCBuildConfiguration;
			buildSettings = {
				ALWAYS_SEARCH_USER_PATHS = NO;
				CLANG_ANALYZER_NONNULL = YES;
				CLANG_ANALYZER_NUMBER_OBJECT_CONVERSION = YES_AGGRESSIVE;
				CLANG_CXX_LANGUAGE_STANDARD = "gnu++14";
				CLANG_CXX_LIBRARY = "libc++";
				CLANG_ENABLE_MODULES = YES;
				CLANG_ENABLE_OBJC_ARC = YES;
				CLANG_ENABLE_OBJC_WEAK = YES;
				CLANG_WARN_BLOCK_CAPTURE_AUTORELEASING = YES;
				CLANG_WARN_BOOL_CONVERSION = YES;
				CLANG_WARN_COMMA = YES;
				CLANG_WARN_CONSTANT_CONVERSION = YES;
				CLANG_WARN_DEPRECATED_OBJC_IMPLEMENTATIONS = YES;
				CLANG_WARN_DIRECT_OBJC_ISA_USAGE = YES_ERROR;
				CLANG_WARN_DOCUMENTATION_COMMENTS = YES;
				CLANG_WARN_EMPTY_BODY = YES;
				CLANG_WARN_ENUM_CONVERSION = YES;
				CLANG_WARN_INFINITE_RECURSION = YES;
				CLANG_WARN_INT_CONVERSION = YES;
				CLANG_WARN_NON_LITERAL_NULL_CONVERSION = YES;
				CLANG_WARN_OBJC_IMPLICIT_RETAIN_SELF = YES;
				CLANG_WARN_OBJC_LITERAL_CONVERSION = YES;
				CLANG_WARN_OBJC_ROOT_CLASS = YES_ERROR;
				CLANG_WARN_RANGE_LOOP_ANALYSIS = YES;
				CLANG_WARN_STRICT_PROTOTYPES = YES;
				CLANG_WARN_SUSPICIOUS_MOVE = YES;
				CLANG_WARN_UNGUARDED_AVAILABILITY = YES_AGGRESSIVE;
				CLANG_WARN_UNREACHABLE_CODE = YES;
				CLANG_WARN__DUPLICATE_METHOD_MATCH = YES;
				CODE_SIGN_IDENTITY = "iPhone Developer";
				COPY_PHASE_STRIP = NO;
				DEBUG_INFORMATION_FORMAT = dwarf;
				ENABLE_STRICT_OBJC_MSGSEND = YES;
				ENABLE_TESTABILITY = YES;
				GCC_C_LANGUAGE_STANDARD = gnu11;
				GCC_DYNAMIC_NO_PIC = NO;
				GCC_NO_COMMON_BLOCKS = YES;
				GCC_OPTIMIZATION_LEVEL = 0;
				GCC_PREPROCESSOR_DEFINITIONS = (
					"DEBUG=1",
					"$(inherited)",
				);
				GCC_WARN_64_TO_32_BIT_CONVERSION = YES;
				GCC_WARN_ABOUT_RETURN_TYPE = YES_ERROR;
				GCC_WARN_UNDECLARED_SELECTOR = YES;
				GCC_WARN_UNINITIALIZED_AUTOS = YES_AGGRESSIVE;
				GCC_WARN_UNUSED_FUNCTION = YES;
				GCC_WARN_UNUSED_VARIABLE = YES;
				IPHONEOS_DEPLOYMENT_TARGET = 12.1;
				MTL_ENABLE_DEBUG_INFO = INCLUDE_SOURCE;
				MTL_FAST_MATH = YES;
				ONLY_ACTIVE_ARCH = YES;
				SDKROOT = iphoneos;
				SWIFT_ACTIVE_COMPILATION_CONDITIONS = DEBUG;
				SWIFT_OPTIMIZATION_LEVEL = "-Onone";
			};
			name = Debug;
		};
		8168852A21B92E91001564EA /* Release */ = {
			isa = XCBuildConfiguration;
			buildSettings = {
				ALWAYS_SEARCH_USER_PATHS = NO;
				CLANG_ANALYZER_NONNULL = YES;
				CLANG_ANALYZER_NUMBER_OBJECT_CONVERSION = YES_AGGRESSIVE;
				CLANG_CXX_LANGUAGE_STANDARD = "gnu++14";
				CLANG_CXX_LIBRARY = "libc++";
				CLANG_ENABLE_MODULES = YES;
				CLANG_ENABLE_OBJC_ARC = YES;
				CLANG_ENABLE_OBJC_WEAK = YES;
				CLANG_WARN_BLOCK_CAPTURE_AUTORELEASING = YES;
				CLANG_WARN_BOOL_CONVERSION = YES;
				CLANG_WARN_COMMA = YES;
				CLANG_WARN_CONSTANT_CONVERSION = YES;
				CLANG_WARN_DEPRECATED_OBJC_IMPLEMENTATIONS = YES;
				CLANG_WARN_DIRECT_OBJC_ISA_USAGE = YES_ERROR;
				CLANG_WARN_DOCUMENTATION_COMMENTS = YES;
				CLANG_WARN_EMPTY_BODY = YES;
				CLANG_WARN_ENUM_CONVERSION = YES;
				CLANG_WARN_INFINITE_RECURSION = YES;
				CLANG_WARN_INT_CONVERSION = YES;
				CLANG_WARN_NON_LITERAL_NULL_CONVERSION = YES;
				CLANG_WARN_OBJC_IMPLICIT_RETAIN_SELF = YES;
				CLANG_WARN_OBJC_LITERAL_CONVERSION = YES;
				CLANG_WARN_OBJC_ROOT_CLASS = YES_ERROR;
				CLANG_WARN_RANGE_LOOP_ANALYSIS = YES;
				CLANG_WARN_STRICT_PROTOTYPES = YES;
				CLANG_WARN_SUSPICIOUS_MOVE = YES;
				CLANG_WARN_UNGUARDED_AVAILABILITY = YES_AGGRESSIVE;
				CLANG_WARN_UNREACHABLE_CODE = YES;
				CLANG_WARN__DUPLICATE_METHOD_MATCH = YES;
				CODE_SIGN_IDENTITY = "iPhone Developer";
				COPY_PHASE_STRIP = NO;
				DEBUG_INFORMATION_FORMAT = "dwarf-with-dsym";
				ENABLE_NS_ASSERTIONS = NO;
				ENABLE_STRICT_OBJC_MSGSEND = YES;
				GCC_C_LANGUAGE_STANDARD = gnu11;
				GCC_NO_COMMON_BLOCKS = YES;
				GCC_WARN_64_TO_32_BIT_CONVERSION = YES;
				GCC_WARN_ABOUT_RETURN_TYPE = YES_ERROR;
				GCC_WARN_UNDECLARED_SELECTOR = YES;
				GCC_WARN_UNINITIALIZED_AUTOS = YES_AGGRESSIVE;
				GCC_WARN_UNUSED_FUNCTION = YES;
				GCC_WARN_UNUSED_VARIABLE = YES;
				IPHONEOS_DEPLOYMENT_TARGET = 12.1;
				MTL_ENABLE_DEBUG_INFO = NO;
				MTL_FAST_MATH = YES;
				SDKROOT = iphoneos;
				SWIFT_COMPILATION_MODE = wholemodule;
				SWIFT_OPTIMIZATION_LEVEL = "-O";
				VALIDATE_PRODUCT = YES;
			};
			name = Release;
		};
		8168852C21B92E91001564EA /* Debug */ = {
			isa = XCBuildConfiguration;
			buildSettings = {
				ASSETCATALOG_COMPILER_APPICON_NAME = AppIcon;
				CODE_SIGN_STYLE = Automatic;
				DEVELOPMENT_TEAM = 88KFCC4RQN;
				INFOPLIST_FILE = ScrollMenusViewControllerDemo/Info.plist;
				IPHONEOS_DEPLOYMENT_TARGET = 10.0;
				LD_RUNPATH_SEARCH_PATHS = (
					"$(inherited)",
					"@executable_path/Frameworks",
				);
				PRODUCT_BUNDLE_IDENTIFIER = cddh.ScrollMenusViewControllerDemo;
				PRODUCT_NAME = "$(TARGET_NAME)";
				SWIFT_VERSION = 4.0;
				TARGETED_DEVICE_FAMILY = 1;
			};
			name = Debug;
		};
		8168852D21B92E91001564EA /* Release */ = {
			isa = XCBuildConfiguration;
			buildSettings = {
				ASSETCATALOG_COMPILER_APPICON_NAME = AppIcon;
				CODE_SIGN_STYLE = Automatic;
				DEVELOPMENT_TEAM = 88KFCC4RQN;
				INFOPLIST_FILE = ScrollMenusViewControllerDemo/Info.plist;
				IPHONEOS_DEPLOYMENT_TARGET = 10.0;
				LD_RUNPATH_SEARCH_PATHS = (
					"$(inherited)",
					"@executable_path/Frameworks",
				);
				PRODUCT_BUNDLE_IDENTIFIER = cddh.ScrollMenusViewControllerDemo;
				PRODUCT_NAME = "$(TARGET_NAME)";
				SWIFT_VERSION = 4.0;
				TARGETED_DEVICE_FAMILY = 1;
			};
			name = Release;
		};
/* End XCBuildConfiguration section */

/* Begin XCConfigurationList section */
		8168851421B92E8F001564EA /* Build configuration list for PBXProject "ScrollMenusViewControllerDemo" */ = {
			isa = XCConfigurationList;
			buildConfigurations = (
				8168852921B92E91001564EA /* Debug */,
				8168852A21B92E91001564EA /* Release */,
			);
			defaultConfigurationIsVisible = 0;
			defaultConfigurationName = Release;
		};
		8168852B21B92E91001564EA /* Build configuration list for PBXNativeTarget "ScrollMenusViewControllerDemo" */ = {
			isa = XCConfigurationList;
			buildConfigurations = (
				8168852C21B92E91001564EA /* Debug */,
				8168852D21B92E91001564EA /* Release */,
			);
			defaultConfigurationIsVisible = 0;
			defaultConfigurationName = Release;
		};
/* End XCConfigurationList section */
	};
	rootObject = 8168851121B92E8F001564EA /* Project object */;
}
